// !$*UTF8*$!
{
	archiveVersion = 1;
	classes = {
	};
	objectVersion = 48;
	objects = {

/* Begin PBXBuildFile section */
		CB59E0E12001855600806A2A /* MapViewController.swift in Sources */ = {isa = PBXBuildFile; fileRef = CB59E0E02001855600806A2A /* MapViewController.swift */; };
		CBD2B3DA2096CA1C00872E05 /* MapKit.framework in Frameworks */ = {isa = PBXBuildFile; fileRef = CB59E0DF200178B900806A2A /* MapKit.framework */; };
		CBDD40471FEDC061003A6BD1 /* AppDelegate.swift in Sources */ = {isa = PBXBuildFile; fileRef = CBDD40461FEDC061003A6BD1 /* AppDelegate.swift */; };
		CBDD404C1FEDC061003A6BD1 /* Main.storyboard in Resources */ = {isa = PBXBuildFile; fileRef = CBDD404A1FEDC061003A6BD1 /* Main.storyboard */; };
		CBDD404E1FEDC061003A6BD1 /* Assets.xcassets in Resources */ = {isa = PBXBuildFile; fileRef = CBDD404D1FEDC061003A6BD1 /* Assets.xcassets */; };
		CBDD40511FEDC061003A6BD1 /* LaunchScreen.storyboard in Resources */ = {isa = PBXBuildFile; fileRef = CBDD404F1FEDC061003A6BD1 /* LaunchScreen.storyboard */; };
		CBDD405C1FEDC061003A6BD1 /* worldTrotterTests.swift in Sources */ = {isa = PBXBuildFile; fileRef = CBDD405B1FEDC061003A6BD1 /* worldTrotterTests.swift */; };
		CBDD40671FEDC061003A6BD1 /* worldTrotterUITests.swift in Sources */ = {isa = PBXBuildFile; fileRef = CBDD40661FEDC061003A6BD1 /* worldTrotterUITests.swift */; };
		CBDD40751FEEEDE4003A6BD1 /* ConversionViewController.swift in Sources */ = {isa = PBXBuildFile; fileRef = CBDD40741FEEEDE4003A6BD1 /* ConversionViewController.swift */; };
/* End PBXBuildFile section */

/* Begin PBXContainerItemProxy section */
		CBDD40581FEDC061003A6BD1 /* PBXContainerItemProxy */ = {
			isa = PBXContainerItemProxy;
			containerPortal = CBDD403B1FEDC060003A6BD1 /* Project object */;
			proxyType = 1;
			remoteGlobalIDString = CBDD40421FEDC061003A6BD1;
			remoteInfo = worldTrotter;
		};
		CBDD40631FEDC061003A6BD1 /* PBXContainerItemProxy */ = {
			isa = PBXContainerItemProxy;
			containerPortal = CBDD403B1FEDC060003A6BD1 /* Project object */;
			proxyType = 1;
			remoteGlobalIDString = CBDD40421FEDC061003A6BD1;
			remoteInfo = worldTrotter;
		};
/* End PBXContainerItemProxy section */

/* Begin PBXFileReference section */
		CB59E0DF200178B900806A2A /* MapKit.framework */ = {isa = PBXFileReference; lastKnownFileType = wrapper.framework; name = MapKit.framework; path = System/Library/Frameworks/MapKit.framework; sourceTree = SDKROOT; };
		CB59E0E02001855600806A2A /* MapViewController.swift */ = {isa = PBXFileReference; lastKnownFileType = sourcecode.swift; path = MapViewController.swift; sourceTree = "<group>"; };
		CB75775620B0DFCA002372DE /* en */ = {isa = PBXFileReference; lastKnownFileType = text.plist.strings; name = en; path = en.lproj/Main.strings; sourceTree = "<group>"; };
		CB75775920B0E03D002372DE /* es */ = {isa = PBXFileReference; lastKnownFileType = text.plist.strings; name = es; path = es.lproj/Main.strings; sourceTree = "<group>"; };
		CBDD40431FEDC061003A6BD1 /* worldTrotter.app */ = {isa = PBXFileReference; explicitFileType = wrapper.application; includeInIndex = 0; path = worldTrotter.app; sourceTree = BUILT_PRODUCTS_DIR; };
		CBDD40461FEDC061003A6BD1 /* AppDelegate.swift */ = {isa = PBXFileReference; lastKnownFileType = sourcecode.swift; path = AppDelegate.swift; sourceTree = "<group>"; };
		CBDD404B1FEDC061003A6BD1 /* Base */ = {isa = PBXFileReference; lastKnownFileType = file.storyboard; name = Base; path = Base.lproj/Main.storyboard; sourceTree = "<group>"; };
		CBDD404D1FEDC061003A6BD1 /* Assets.xcassets */ = {isa = PBXFileReference; lastKnownFileType = folder.assetcatalog; path = Assets.xcassets; sourceTree = "<group>"; };
		CBDD40501FEDC061003A6BD1 /* Base */ = {isa = PBXFileReference; lastKnownFileType = file.storyboard; name = Base; path = Base.lproj/LaunchScreen.storyboard; sourceTree = "<group>"; };
		CBDD40521FEDC061003A6BD1 /* Info.plist */ = {isa = PBXFileReference; lastKnownFileType = text.plist.xml; path = Info.plist; sourceTree = "<group>"; };
		CBDD40571FEDC061003A6BD1 /* worldTrotterTests.xctest */ = {isa = PBXFileReference; explicitFileType = wrapper.cfbundle; includeInIndex = 0; path = worldTrotterTests.xctest; sourceTree = BUILT_PRODUCTS_DIR; };
		CBDD405B1FEDC061003A6BD1 /* worldTrotterTests.swift */ = {isa = PBXFileReference; lastKnownFileType = sourcecode.swift; path = worldTrotterTests.swift; sourceTree = "<group>"; };
		CBDD405D1FEDC061003A6BD1 /* Info.plist */ = {isa = PBXFileReference; lastKnownFileType = text.plist.xml; path = Info.plist; sourceTree = "<group>"; };
		CBDD40621FEDC061003A6BD1 /* worldTrotterUITests.xctest */ = {isa = PBXFileReference; explicitFileType = wrapper.cfbundle; includeInIndex = 0; path = worldTrotterUITests.xctest; sourceTree = BUILT_PRODUCTS_DIR; };
		CBDD40661FEDC061003A6BD1 /* worldTrotterUITests.swift */ = {isa = PBXFileReference; lastKnownFileType = sourcecode.swift; path = worldTrotterUITests.swift; sourceTree = "<group>"; };
		CBDD40681FEDC061003A6BD1 /* Info.plist */ = {isa = PBXFileReference; lastKnownFileType = text.plist.xml; path = Info.plist; sourceTree = "<group>"; };
		CBDD40741FEEEDE4003A6BD1 /* ConversionViewController.swift */ = {isa = PBXFileReference; lastKnownFileType = sourcecode.swift; path = ConversionViewController.swift; sourceTree = "<group>"; };
/* End PBXFileReference section */

/* Begin PBXFrameworksBuildPhase section */
		CBDD40401FEDC061003A6BD1 /* Frameworks */ = {
			isa = PBXFrameworksBuildPhase;
			buildActionMask = 2147483647;
			files = (
				CBD2B3DA2096CA1C00872E05 /* MapKit.framework in Frameworks */,
			);
			runOnlyForDeploymentPostprocessing = 0;
		};
		CBDD40541FEDC061003A6BD1 /* Frameworks */ = {
			isa = PBXFrameworksBuildPhase;
			buildActionMask = 2147483647;
			files = (
			);
			runOnlyForDeploymentPostprocessing = 0;
		};
		CBDD405F1FEDC061003A6BD1 /* Frameworks */ = {
			isa = PBXFrameworksBuildPhase;
			buildActionMask = 2147483647;
			files = (
			);
			runOnlyForDeploymentPostprocessing = 0;
		};
/* End PBXFrameworksBuildPhase section */

/* Begin PBXGroup section */
		CB59E0DE200178B900806A2A /* Frameworks */ = {
			isa = PBXGroup;
			children = (
				CB59E0DF200178B900806A2A /* MapKit.framework */,
			);
			name = Frameworks;
			sourceTree = "<group>";
		};
		CBDD403A1FEDC060003A6BD1 = {
			isa = PBXGroup;
			children = (
				CBDD40451FEDC061003A6BD1 /* worldTrotter */,
				CBDD405A1FEDC061003A6BD1 /* worldTrotterTests */,
				CBDD40651FEDC061003A6BD1 /* worldTrotterUITests */,
				CBDD40441FEDC061003A6BD1 /* Products */,
				CB59E0DE200178B900806A2A /* Frameworks */,
			);
			sourceTree = "<group>";
		};
		CBDD40441FEDC061003A6BD1 /* Products */ = {
			isa = PBXGroup;
			children = (
				CBDD40431FEDC061003A6BD1 /* worldTrotter.app */,
				CBDD40571FEDC061003A6BD1 /* worldTrotterTests.xctest */,
				CBDD40621FEDC061003A6BD1 /* worldTrotterUITests.xctest */,
			);
			name = Products;
			sourceTree = "<group>";
		};
		CBDD40451FEDC061003A6BD1 /* worldTrotter */ = {
			isa = PBXGroup;
			children = (
				CBDD40461FEDC061003A6BD1 /* AppDelegate.swift */,
				CBDD40741FEEEDE4003A6BD1 /* ConversionViewController.swift */,
				CBDD404A1FEDC061003A6BD1 /* Main.storyboard */,
				CB59E0E02001855600806A2A /* MapViewController.swift */,
				CBDD404D1FEDC061003A6BD1 /* Assets.xcassets */,
				CBDD404F1FEDC061003A6BD1 /* LaunchScreen.storyboard */,
				CBDD40521FEDC061003A6BD1 /* Info.plist */,
			);
			path = worldTrotter;
			sourceTree = "<group>";
		};
		CBDD405A1FEDC061003A6BD1 /* worldTrotterTests */ = {
			isa = PBXGroup;
			children = (
				CBDD405B1FEDC061003A6BD1 /* worldTrotterTests.swift */,
				CBDD405D1FEDC061003A6BD1 /* Info.plist */,
			);
			path = worldTrotterTests;
			sourceTree = "<group>";
		};
		CBDD40651FEDC061003A6BD1 /* worldTrotterUITests */ = {
			isa = PBXGroup;
			children = (
				CBDD40661FEDC061003A6BD1 /* worldTrotterUITests.swift */,
				CBDD40681FEDC061003A6BD1 /* Info.plist */,
			);
			path = worldTrotterUITests;
			sourceTree = "<group>";
		};
/* End PBXGroup section */

/* Begin PBXNativeTarget section */
		CBDD40421FEDC061003A6BD1 /* worldTrotter */ = {
			isa = PBXNativeTarget;
			buildConfigurationList = CBDD406B1FEDC061003A6BD1 /* Build configuration list for PBXNativeTarget "worldTrotter" */;
			buildPhases = (
				CBDD403F1FEDC061003A6BD1 /* Sources */,
				CBDD40401FEDC061003A6BD1 /* Frameworks */,
				CBDD40411FEDC061003A6BD1 /* Resources */,
			);
			buildRules = (
			);
			dependencies = (
			);
			name = worldTrotter;
			productName = worldTrotter;
			productReference = CBDD40431FEDC061003A6BD1 /* worldTrotter.app */;
			productType = "com.apple.product-type.application";
		};
		CBDD40561FEDC061003A6BD1 /* worldTrotterTests */ = {
			isa = PBXNativeTarget;
			buildConfigurationList = CBDD406E1FEDC061003A6BD1 /* Build configuration list for PBXNativeTarget "worldTrotterTests" */;
			buildPhases = (
				CBDD40531FEDC061003A6BD1 /* Sources */,
				CBDD40541FEDC061003A6BD1 /* Frameworks */,
				CBDD40551FEDC061003A6BD1 /* Resources */,
			);
			buildRules = (
			);
			dependencies = (
				CBDD40591FEDC061003A6BD1 /* PBXTargetDependency */,
			);
			name = worldTrotterTests;
			productName = worldTrotterTests;
			productReference = CBDD40571FEDC061003A6BD1 /* worldTrotterTests.xctest */;
			productType = "com.apple.product-type.bundle.unit-test";
		};
		CBDD40611FEDC061003A6BD1 /* worldTrotterUITests */ = {
			isa = PBXNativeTarget;
			buildConfigurationList = CBDD40711FEDC061003A6BD1 /* Build configuration list for PBXNativeTarget "worldTrotterUITests" */;
			buildPhases = (
				CBDD405E1FEDC061003A6BD1 /* Sources */,
				CBDD405F1FEDC061003A6BD1 /* Frameworks */,
				CBDD40601FEDC061003A6BD1 /* Resources */,
			);
			buildRules = (
			);
			dependencies = (
				CBDD40641FEDC061003A6BD1 /* PBXTargetDependency */,
			);
			name = worldTrotterUITests;
			productName = worldTrotterUITests;
			productReference = CBDD40621FEDC061003A6BD1 /* worldTrotterUITests.xctest */;
			productType = "com.apple.product-type.bundle.ui-testing";
		};
/* End PBXNativeTarget section */

/* Begin PBXProject section */
		CBDD403B1FEDC060003A6BD1 /* Project object */ = {
			isa = PBXProject;
			attributes = {
				LastSwiftUpdateCheck = 0910;
				LastUpgradeCheck = 0910;
				ORGANIZATIONNAME = jalapagosInc;
				TargetAttributes = {
					CBDD40421FEDC061003A6BD1 = {
						CreatedOnToolsVersion = 9.1;
						ProvisioningStyle = Automatic;
					};
					CBDD40561FEDC061003A6BD1 = {
						CreatedOnToolsVersion = 9.1;
						ProvisioningStyle = Automatic;
						TestTargetID = CBDD40421FEDC061003A6BD1;
					};
					CBDD40611FEDC061003A6BD1 = {
						CreatedOnToolsVersion = 9.1;
						ProvisioningStyle = Automatic;
						TestTargetID = CBDD40421FEDC061003A6BD1;
					};
				};
			};
			buildConfigurationList = CBDD403E1FEDC060003A6BD1 /* Build configuration list for PBXProject "worldTrotter" */;
			compatibilityVersion = "Xcode 8.0";
			developmentRegion = en;
			hasScannedForEncodings = 0;
			knownRegions = (
				en,
				Base,
			);
			mainGroup = CBDD403A1FEDC060003A6BD1;
			productRefGroup = CBDD40441FEDC061003A6BD1 /* Products */;
			projectDirPath = "";
			projectRoot = "";
			targets = (
				CBDD40421FEDC061003A6BD1 /* worldTrotter */,
				CBDD40561FEDC061003A6BD1 /* worldTrotterTests */,
				CBDD40611FEDC061003A6BD1 /* worldTrotterUITests */,
			);
		};
/* End PBXProject section */

/* Begin PBXResourcesBuildPhase section */
		CBDD40411FEDC061003A6BD1 /* Resources */ = {
			isa = PBXResourcesBuildPhase;
			buildActionMask = 2147483647;
			files = (
				CBDD40511FEDC061003A6BD1 /* LaunchScreen.storyboard in Resources */,
				CBDD404E1FEDC061003A6BD1 /* Assets.xcassets in Resources */,
				CBDD404C1FEDC061003A6BD1 /* Main.storyboard in Resources */,
			);
			runOnlyForDeploymentPostprocessing = 0;
		};
		CBDD40551FEDC061003A6BD1 /* Resources */ = {
			isa = PBXResourcesBuildPhase;
			buildActionMask = 2147483647;
			files = (
			);
			runOnlyForDeploymentPostprocessing = 0;
		};
		CBDD40601FEDC061003A6BD1 /* Resources */ = {
			isa = PBXResourcesBuildPhase;
			buildActionMask = 2147483647;
			files = (
			);
			runOnlyForDeploymentPostprocessing = 0;
		};
/* End PBXResourcesBuildPhase section */

/* Begin PBXSourcesBuildPhase section */
		CBDD403F1FEDC061003A6BD1 /* Sources */ = {
			isa = PBXSourcesBuildPhase;
			buildActionMask = 2147483647;
			files = (
				CBDD40751FEEEDE4003A6BD1 /* ConversionViewController.swift in Sources */,
				CB59E0E12001855600806A2A /* MapViewController.swift in Sources */,
				CBDD40471FEDC061003A6BD1 /* AppDelegate.swift in Sources */,
			);
			runOnlyForDeploymentPostprocessing = 0;
		};
		CBDD40531FEDC061003A6BD1 /* Sources */ = {
			isa = PBXSourcesBuildPhase;
			buildActionMask = 2147483647;
			files = (
				CBDD405C1FEDC061003A6BD1 /* worldTrotterTests.swift in Sources */,
			);
			runOnlyForDeploymentPostprocessing = 0;
		};
		CBDD405E1FEDC061003A6BD1 /* Sources */ = {
			isa = PBXSourcesBuildPhase;
			buildActionMask = 2147483647;
			files = (
				CBDD40671FEDC061003A6BD1 /* worldTrotterUITests.swift in Sources */,
			);
			runOnlyForDeploymentPostprocessing = 0;
		};
/* End PBXSourcesBuildPhase section */

/* Begin PBXTargetDependency section */
		CBDD40591FEDC061003A6BD1 /* PBXTargetDependency */ = {
			isa = PBXTargetDependency;
			target = CBDD40421FEDC061003A6BD1 /* worldTrotter */;
			targetProxy = CBDD40581FEDC061003A6BD1 /* PBXContainerItemProxy */;
		};
		CBDD40641FEDC061003A6BD1 /* PBXTargetDependency */ = {
			isa = PBXTargetDependency;
			target = CBDD40421FEDC061003A6BD1 /* worldTrotter */;
			targetProxy = CBDD40631FEDC061003A6BD1 /* PBXContainerItemProxy */;
		};
/* End PBXTargetDependency section */

/* Begin PBXVariantGroup section */
		CBDD404A1FEDC061003A6BD1 /* Main.storyboard */ = {
			isa = PBXVariantGroup;
			children = (
				CBDD404B1FEDC061003A6BD1 /* Base */,
				CB75775620B0DFCA002372DE /* en */,
				CB75775920B0E03D002372DE /* es */,
			);
			name = Main.storyboard;
			sourceTree = "<group>";
		};
		CBDD404F1FEDC061003A6BD1 /* LaunchScreen.storyboard */ = {
			isa = PBXVariantGroup;
			children = (
				CBDD40501FEDC061003A6BD1 /* Base */,
			);
			name = LaunchScreen.storyboard;
			sourceTree = "<group>";
		};
/* End PBXVariantGroup section */

/* Begin XCBuildConfiguration section */
		CBDD40691FEDC061003A6BD1 /* Debug */ = {
			isa = XCBuildConfiguration;
			buildSettings = {
				ALWAYS_SEARCH_USER_PATHS = NO;
				CLANG_ANALYZER_LOCALIZABILITY_NONLOCALIZED = YES;
				CLANG_ANALYZER_NONNULL = YES;
				CLANG_ANALYZER_NUMBER_OBJECT_CONVERSION = YES_AGGRESSIVE;
				CLANG_CXX_LANGUAGE_STANDARD = "gnu++14";
				CLANG_CXX_LIBRARY = "libc++";
				CLANG_ENABLE_MODULES = YES;
				CLANG_ENABLE_OBJC_ARC = YES;
				CLANG_WARN_BLOCK_CAPTURE_AUTORELEASING = YES;
				CLANG_WARN_BOOL_CONVERSION = YES;
				CLANG_WARN_COMMA = YES;
				CLANG_WARN_CONSTANT_CONVERSION = YES;
				CLANG_WARN_DIRECT_OBJC_ISA_USAGE = YES_ERROR;
				CLANG_WARN_DOCUMENTATION_COMMENTS = YES;
				CLANG_WARN_EMPTY_BODY = YES;
				CLANG_WARN_ENUM_CONVERSION = YES;
				CLANG_WARN_INFINITE_RECURSION = YES;
				CLANG_WARN_INT_CONVERSION = YES;
				CLANG_WARN_NON_LITERAL_NULL_CONVERSION = YES;
				CLANG_WARN_OBJC_LITERAL_CONVERSION = YES;
				CLANG_WARN_OBJC_ROOT_CLASS = YES_ERROR;
				CLANG_WARN_RANGE_LOOP_ANALYSIS = YES;
				CLANG_WARN_STRICT_PROTOTYPES = YES;
				CLANG_WARN_SUSPICIOUS_MOVE = YES;
				CLANG_WARN_UNGUARDED_AVAILABILITY = YES_AGGRESSIVE;
				CLANG_WARN_UNREACHABLE_CODE = YES;
				CLANG_WARN__DUPLICATE_METHOD_MATCH = YES;
				CODE_SIGN_IDENTITY = "iPhone Developer";
				COPY_PHASE_STRIP = NO;
				DEBUG_INFORMATION_FORMAT = dwarf;
				ENABLE_STRICT_OBJC_MSGSEND = YES;
				ENABLE_TESTABILITY = YES;
				GCC_C_LANGUAGE_STANDARD = gnu11;
				GCC_DYNAMIC_NO_PIC = NO;
				GCC_NO_COMMON_BLOCKS = YES;
				GCC_OPTIMIZATION_LEVEL = 0;
				GCC_PREPROCESSOR_DEFINITIONS = (
					"DEBUG=1",
					"$(inherited)",
				);
				GCC_WARN_64_TO_32_BIT_CONVERSION = YES;
				GCC_WARN_ABOUT_RETURN_TYPE = YES_ERROR;
				GCC_WARN_UNDECLARED_SELECTOR = YES;
				GCC_WARN_UNINITIALIZED_AUTOS = YES_AGGRESSIVE;
				GCC_WARN_UNUSED_FUNCTION = YES;
				GCC_WARN_UNUSED_VARIABLE = YES;
				IPHONEOS_DEPLOYMENT_TARGET = 11.1;
				MTL_ENABLE_DEBUG_INFO = YES;
				ONLY_ACTIVE_ARCH = YES;
				SDKROOT = iphoneos;
				SWIFT_ACTIVE_COMPILATION_CONDITIONS = DEBUG;
				SWIFT_OPTIMIZATION_LEVEL = "-Onone";
			};
			name = Debug;
		};
		CBDD406A1FEDC061003A6BD1 /* Release */ = {
			isa = XCBuildConfiguration;
			buildSettings = {
				ALWAYS_SEARCH_USER_PATHS = NO;
				CLANG_ANALYZER_LOCALIZABILITY_NONLOCALIZED = YES;
				CLANG_ANALYZER_NONNULL = YES;
				CLANG_ANALYZER_NUMBER_OBJECT_CONVERSION = YES_AGGRESSIVE;
				CLANG_CXX_LANGUAGE_STANDARD = "gnu++14";
				CLANG_CXX_LIBRARY = "libc++";
				CLANG_ENABLE_MODULES = YES;
				CLANG_ENABLE_OBJC_ARC = YES;
				CLANG_WARN_BLOCK_CAPTURE_AUTORELEASING = YES;
				CLANG_WARN_BOOL_CONVERSION = YES;
				CLANG_WARN_COMMA = YES;
				CLANG_WARN_CONSTANT_CONVERSION = YES;
				CLANG_WARN_DIRECT_OBJC_ISA_USAGE = YES_ERROR;
				CLANG_WARN_DOCUMENTATION_COMMENTS = YES;
				CLANG_WARN_EMPTY_BODY = YES;
				CLANG_WARN_ENUM_CONVERSION = YES;
				CLANG_WARN_INFINITE_RECURSION = YES;
				CLANG_WARN_INT_CONVERSION = YES;
				CLANG_WARN_NON_LITERAL_NULL_CONVERSION = YES;
				CLANG_WARN_OBJC_LITERAL_CONVERSION = YES;
				CLANG_WARN_OBJC_ROOT_CLASS = YES_ERROR;
				CLANG_WARN_RANGE_LOOP_ANALYSIS = YES;
				CLANG_WARN_STRICT_PROTOTYPES = YES;
				CLANG_WARN_SUSPICIOUS_MOVE = YES;
				CLANG_WARN_UNGUARDED_AVAILABILITY = YES_AGGRESSIVE;
				CLANG_WARN_UNREACHABLE_CODE = YES;
				CLANG_WARN__DUPLICATE_METHOD_MATCH = YES;
				CODE_SIGN_IDENTITY = "iPhone Developer";
				COPY_PHASE_STRIP = NO;
				DEBUG_INFORMATION_FORMAT = "dwarf-with-dsym";
				ENABLE_NS_ASSERTIONS = NO;
				ENABLE_STRICT_OBJC_MSGSEND = YES;
				GCC_C_LANGUAGE_STANDARD = gnu11;
				GCC_NO_COMMON_BLOCKS = YES;
				GCC_WARN_64_TO_32_BIT_CONVERSION = YES;
				GCC_WARN_ABOUT_RETURN_TYPE = YES_ERROR;
				GCC_WARN_UNDECLARED_SELECTOR = YES;
				GCC_WARN_UNINITIALIZED_AUTOS = YES_AGGRESSIVE;
				GCC_WARN_UNUSED_FUNCTION = YES;
				GCC_WARN_UNUSED_VARIABLE = YES;
				IPHONEOS_DEPLOYMENT_TARGET = 11.1;
				MTL_ENABLE_DEBUG_INFO = NO;
				SDKROOT = iphoneos;
				SWIFT_OPTIMIZATION_LEVEL = "-Owholemodule";
				VALIDATE_PRODUCT = YES;
			};
			name = Release;
		};
		CBDD406C1FEDC061003A6BD1 /* Debug */ = {
			isa = XCBuildConfiguration;
			buildSettings = {
				ASSETCATALOG_COMPILER_APPICON_NAME = AppIcon;
				CODE_SIGN_STYLE = Automatic;
				DEVELOPMENT_TEAM = 828F226BJD;
				INFOPLIST_FILE = worldTrotter/Info.plist;
				LD_RUNPATH_SEARCH_PATHS = "$(inherited) @executable_path/Frameworks";
				PRODUCT_BUNDLE_IDENTIFIER = com.jalapagosInc.worldTrotter;
				PRODUCT_NAME = "$(TARGET_NAME)";
				SWIFT_VERSION = 4.0;
				TARGETED_DEVICE_FAMILY = "1,2";
			};
			name = Debug;
		};
		CBDD406D1FEDC061003A6BD1 /* Release */ = {
			isa = XCBuildConfiguration;
			buildSettings = {
				ASSETCATALOG_COMPILER_APPICON_NAME = AppIcon;
				CODE_SIGN_STYLE = Automatic;
				DEVELOPMENT_TEAM = 828F226BJD;
				INFOPLIST_FILE = worldTrotter/Info.plist;
				LD_RUNPATH_SEARCH_PATHS = "$(inherited) @executable_path/Frameworks";
				PRODUCT_BUNDLE_IDENTIFIER = com.jalapagosInc.worldTrotter;
				PRODUCT_NAME = "$(TARGET_NAME)";
				SWIFT_VERSION = 4.0;
				TARGETED_DEVICE_FAMILY = "1,2";
			};
			name = Release;
		};
		CBDD406F1FEDC061003A6BD1 /* Debug */ = {
			isa = XCBuildConfiguration;
			buildSettings = {
				ALWAYS_EMBED_SWIFT_STANDARD_LIBRARIES = YES;
				BUNDLE_LOADER = "$(TEST_HOST)";
				CODE_SIGN_STYLE = Automatic;
				DEVELOPMENT_TEAM = 828F226BJD;
				INFOPLIST_FILE = worldTrotterTests/Info.plist;
				LD_RUNPATH_SEARCH_PATHS = "$(inherited) @executable_path/Frameworks @loader_path/Frameworks";
				PRODUCT_BUNDLE_IDENTIFIER = com.jalapagosInc.worldTrotterTests;
				PRODUCT_NAME = "$(TARGET_NAME)";
				SWIFT_VERSION = 4.0;
				TARGETED_DEVICE_FAMILY = "1,2";
				TEST_HOST = "$(BUILT_PRODUCTS_DIR)/worldTrotter.app/worldTrotter";
			};
			name = Debug;
		};
		CBDD40701FEDC061003A6BD1 /* Release */ = {
			isa = XCBuildConfiguration;
			buildSettings = {
				ALWAYS_EMBED_SWIFT_STANDARD_LIBRARIES = YES;
				BUNDLE_LOADER = "$(TEST_HOST)";
				CODE_SIGN_STYLE = Automatic;
				DEVELOPMENT_TEAM = 828F226BJD;
				INFOPLIST_FILE = worldTrotterTests/Info.plist;
				LD_RUNPATH_SEARCH_PATHS = "$(inherited) @executable_path/Frameworks @loader_path/Frameworks";
				PRODUCT_BUNDLE_IDENTIFIER = com.jalapagosInc.worldTrotterTests;
				PRODUCT_NAME = "$(TARGET_NAME)";
				SWIFT_VERSION = 4.0;
				TARGETED_DEVICE_FAMILY = "1,2";
				TEST_HOST = "$(BUILT_PRODUCTS_DIR)/worldTrotter.app/worldTrotter";
			};
			name = Release;
		};
		CBDD40721FEDC061003A6BD1 /* Debug */ = {
			isa = XCBuildConfiguration;
			buildSettings = {
				ALWAYS_EMBED_SWIFT_STANDARD_LIBRARIES = YES;
				CODE_SIGN_STYLE = Automatic;
				DEVELOPMENT_TEAM = 828F226BJD;
				INFOPLIST_FILE = worldTrotterUITests/Info.plist;
				LD_RUNPATH_SEARCH_PATHS = "$(inherited) @executable_path/Frameworks @loader_path/Frameworks";
				PRODUCT_BUNDLE_IDENTIFIER = com.jalapagosInc.worldTrotterUITests;
				PRODUCT_NAME = "$(TARGET_NAME)";
				SWIFT_VERSION = 4.0;
				TARGETED_DEVICE_FAMILY = "1,2";
				TEST_TARGET_NAME = worldTrotter;
			};
			name = Debug;
		};
		CBDD40731FEDC061003A6BD1 /* Release */ = {
			isa = XCBuildConfiguration;
			buildSettings = {
				ALWAYS_EMBED_SWIFT_STANDARD_LIBRARIES = YES;
				CODE_SIGN_STYLE = Automatic;
				DEVELOPMENT_TEAM = 828F226BJD;
				INFOPLIST_FILE = worldTrotterUITests/Info.plist;
				LD_RUNPATH_SEARCH_PATHS = "$(inherited) @executable_path/Frameworks @loader_path/Frameworks";
				PRODUCT_BUNDLE_IDENTIFIER = com.jalapagosInc.worldTrotterUITests;
				PRODUCT_NAME = "$(TARGET_NAME)";
				SWIFT_VERSION = 4.0;
				TARGETED_DEVICE_FAMILY = "1,2";
				TEST_TARGET_NAME = worldTrotter;
			};
			name = Release;
		};
/* End XCBuildConfiguration section */

/* Begin XCConfigurationList section */
		CBDD403E1FEDC060003A6BD1 /* Build configuration list for PBXProject "worldTrotter" */ = {
			isa = XCConfigurationList;
			buildConfigurations = (
				CBDD40691FEDC061003A6BD1 /* Debug */,
				CBDD406A1FEDC061003A6BD1 /* Release */,
			);
			defaultConfigurationIsVisible = 0;
			defaultConfigurationName = Release;
		};
		CBDD406B1FEDC061003A6BD1 /* Build configuration list for PBXNativeTarget "worldTrotter" */ = {
			isa = XCConfigurationList;
			buildConfigurations = (
				CBDD406C1FEDC061003A6BD1 /* Debug */,
				CBDD406D1FEDC061003A6BD1 /* Release */,
			);
			defaultConfigurationIsVisible = 0;
			defaultConfigurationName = Release;
		};
		CBDD406E1FEDC061003A6BD1 /* Build configuration list for PBXNativeTarget "worldTrotterTests" */ = {
			isa = XCConfigurationList;
			buildConfigurations = (
				CBDD406F1FEDC061003A6BD1 /* Debug */,
				CBDD40701FEDC061003A6BD1 /* Release */,
			);
			defaultConfigurationIsVisible = 0;
			defaultConfigurationName = Release;
		};
		CBDD40711FEDC061003A6BD1 /* Build configuration list for PBXNativeTarget "worldTrotterUITests" */ = {
			isa = XCConfigurationList;
			buildConfigurations = (
				CBDD40721FEDC061003A6BD1 /* Debug */,
				CBDD40731FEDC061003A6BD1 /* Release */,
			);
			defaultConfigurationIsVisible = 0;
			defaultConfigurationName = Release;
		};
/* End XCConfigurationList section */
	};
	rootObject = CBDD403B1FEDC060003A6BD1 /* Project object */;
}
