// !$*UTF8*$!
{
	archiveVersion = 1;
	classes = {
	};
	objectVersion = 46;
	objects = {

/* Begin PBXBuildFile section */
		CB348D8C1F89980E001F8138 /* AppDelegate.swift in Sources */ = {isa = PBXBuildFile; fileRef = CB348D8B1F89980E001F8138 /* AppDelegate.swift */; };
		CB348D8E1F89980E001F8138 /* ViewController.swift in Sources */ = {isa = PBXBuildFile; fileRef = CB348D8D1F89980E001F8138 /* ViewController.swift */; };
		CB348D911F89980E001F8138 /* Main.storyboard in Resources */ = {isa = PBXBuildFile; fileRef = CB348D8F1F89980E001F8138 /* Main.storyboard */; };
		CB348D931F89980E001F8138 /* Assets.xcassets in Resources */ = {isa = PBXBuildFile; fileRef = CB348D921F89980E001F8138 /* Assets.xcassets */; };
		CB348D961F89980E001F8138 /* LaunchScreen.storyboard in Resources */ = {isa = PBXBuildFile; fileRef = CB348D941F89980E001F8138 /* LaunchScreen.storyboard */; };
		CB348DA11F89980E001F8138 /* WorldTrotterTests.swift in Sources */ = {isa = PBXBuildFile; fileRef = CB348DA01F89980E001F8138 /* WorldTrotterTests.swift */; };
		CB348DAC1F89980E001F8138 /* WorldTrotterUITests.swift in Sources */ = {isa = PBXBuildFile; fileRef = CB348DAB1F89980E001F8138 /* WorldTrotterUITests.swift */; };
/* End PBXBuildFile section */

/* Begin PBXContainerItemProxy section */
		CB348D9D1F89980E001F8138 /* PBXContainerItemProxy */ = {
			isa = PBXContainerItemProxy;
			containerPortal = CB348D801F89980E001F8138 /* Project object */;
			proxyType = 1;
			remoteGlobalIDString = CB348D871F89980E001F8138;
			remoteInfo = WorldTrotter;
		};
		CB348DA81F89980E001F8138 /* PBXContainerItemProxy */ = {
			isa = PBXContainerItemProxy;
			containerPortal = CB348D801F89980E001F8138 /* Project object */;
			proxyType = 1;
			remoteGlobalIDString = CB348D871F89980E001F8138;
			remoteInfo = WorldTrotter;
		};
/* End PBXContainerItemProxy section */

/* Begin PBXFileReference section */
		CB348D881F89980E001F8138 /* WorldTrotter.app */ = {isa = PBXFileReference; explicitFileType = wrapper.application; includeInIndex = 0; path = WorldTrotter.app; sourceTree = BUILT_PRODUCTS_DIR; };
		CB348D8B1F89980E001F8138 /* AppDelegate.swift */ = {isa = PBXFileReference; lastKnownFileType = sourcecode.swift; path = AppDelegate.swift; sourceTree = "<group>"; };
		CB348D8D1F89980E001F8138 /* ViewController.swift */ = {isa = PBXFileReference; lastKnownFileType = sourcecode.swift; path = ViewController.swift; sourceTree = "<group>"; };
		CB348D901F89980E001F8138 /* Base */ = {isa = PBXFileReference; lastKnownFileType = file.storyboard; name = Base; path = Base.lproj/Main.storyboard; sourceTree = "<group>"; };
		CB348D921F89980E001F8138 /* Assets.xcassets */ = {isa = PBXFileReference; lastKnownFileType = folder.assetcatalog; path = Assets.xcassets; sourceTree = "<group>"; };
		CB348D951F89980E001F8138 /* Base */ = {isa = PBXFileReference; lastKnownFileType = file.storyboard; name = Base; path = Base.lproj/LaunchScreen.storyboard; sourceTree = "<group>"; };
		CB348D971F89980E001F8138 /* Info.plist */ = {isa = PBXFileReference; lastKnownFileType = text.plist.xml; path = Info.plist; sourceTree = "<group>"; };
		CB348D9C1F89980E001F8138 /* WorldTrotterTests.xctest */ = {isa = PBXFileReference; explicitFileType = wrapper.cfbundle; includeInIndex = 0; path = WorldTrotterTests.xctest; sourceTree = BUILT_PRODUCTS_DIR; };
		CB348DA01F89980E001F8138 /* WorldTrotterTests.swift */ = {isa = PBXFileReference; lastKnownFileType = sourcecode.swift; path = WorldTrotterTests.swift; sourceTree = "<group>"; };
		CB348DA21F89980E001F8138 /* Info.plist */ = {isa = PBXFileReference; lastKnownFileType = text.plist.xml; path = Info.plist; sourceTree = "<group>"; };
		CB348DA71F89980E001F8138 /* WorldTrotterUITests.xctest */ = {isa = PBXFileReference; explicitFileType = wrapper.cfbundle; includeInIndex = 0; path = WorldTrotterUITests.xctest; sourceTree = BUILT_PRODUCTS_DIR; };
		CB348DAB1F89980E001F8138 /* WorldTrotterUITests.swift */ = {isa = PBXFileReference; lastKnownFileType = sourcecode.swift; path = WorldTrotterUITests.swift; sourceTree = "<group>"; };
		CB348DAD1F89980E001F8138 /* Info.plist */ = {isa = PBXFileReference; lastKnownFileType = text.plist.xml; path = Info.plist; sourceTree = "<group>"; };
/* End PBXFileReference section */

/* Begin PBXFrameworksBuildPhase section */
		CB348D851F89980E001F8138 /* Frameworks */ = {
			isa = PBXFrameworksBuildPhase;
			buildActionMask = 2147483647;
			files = (
			);
			runOnlyForDeploymentPostprocessing = 0;
		};
		CB348D991F89980E001F8138 /* Frameworks */ = {
			isa = PBXFrameworksBuildPhase;
			buildActionMask = 2147483647;
			files = (
			);
			runOnlyForDeploymentPostprocessing = 0;
		};
		CB348DA41F89980E001F8138 /* Frameworks */ = {
			isa = PBXFrameworksBuildPhase;
			buildActionMask = 2147483647;
			files = (
			);
			runOnlyForDeploymentPostprocessing = 0;
		};
/* End PBXFrameworksBuildPhase section */

/* Begin PBXGroup section */
		CB348D7F1F89980E001F8138 = {
			isa = PBXGroup;
			children = (
				CB348D8A1F89980E001F8138 /* WorldTrotter */,
				CB348D9F1F89980E001F8138 /* WorldTrotterTests */,
				CB348DAA1F89980E001F8138 /* WorldTrotterUITests */,
				CB348D891F89980E001F8138 /* Products */,
			);
			sourceTree = "<group>";
		};
		CB348D891F89980E001F8138 /* Products */ = {
			isa = PBXGroup;
			children = (
				CB348D881F89980E001F8138 /* WorldTrotter.app */,
				CB348D9C1F89980E001F8138 /* WorldTrotterTests.xctest */,
				CB348DA71F89980E001F8138 /* WorldTrotterUITests.xctest */,
			);
			name = Products;
			sourceTree = "<group>";
		};
		CB348D8A1F89980E001F8138 /* WorldTrotter */ = {
			isa = PBXGroup;
			children = (
				CB348D8B1F89980E001F8138 /* AppDelegate.swift */,
				CB348D8D1F89980E001F8138 /* ViewController.swift */,
				CB348D8F1F89980E001F8138 /* Main.storyboard */,
				CB348D921F89980E001F8138 /* Assets.xcassets */,
				CB348D941F89980E001F8138 /* LaunchScreen.storyboard */,
				CB348D971F89980E001F8138 /* Info.plist */,
			);
			path = WorldTrotter;
			sourceTree = "<group>";
		};
		CB348D9F1F89980E001F8138 /* WorldTrotterTests */ = {
			isa = PBXGroup;
			children = (
				CB348DA01F89980E001F8138 /* WorldTrotterTests.swift */,
				CB348DA21F89980E001F8138 /* Info.plist */,
			);
			path = WorldTrotterTests;
			sourceTree = "<group>";
		};
		CB348DAA1F89980E001F8138 /* WorldTrotterUITests */ = {
			isa = PBXGroup;
			children = (
				CB348DAB1F89980E001F8138 /* WorldTrotterUITests.swift */,
				CB348DAD1F89980E001F8138 /* Info.plist */,
			);
			path = WorldTrotterUITests;
			sourceTree = "<group>";
		};
/* End PBXGroup section */

/* Begin PBXNativeTarget section */
		CB348D871F89980E001F8138 /* WorldTrotter */ = {
			isa = PBXNativeTarget;
			buildConfigurationList = CB348DB01F89980E001F8138 /* Build configuration list for PBXNativeTarget "WorldTrotter" */;
			buildPhases = (
				CB348D841F89980E001F8138 /* Sources */,
				CB348D851F89980E001F8138 /* Frameworks */,
				CB348D861F89980E001F8138 /* Resources */,
			);
			buildRules = (
			);
			dependencies = (
			);
			name = WorldTrotter;
			productName = WorldTrotter;
			productReference = CB348D881F89980E001F8138 /* WorldTrotter.app */;
			productType = "com.apple.product-type.application";
		};
		CB348D9B1F89980E001F8138 /* WorldTrotterTests */ = {
			isa = PBXNativeTarget;
			buildConfigurationList = CB348DB31F89980E001F8138 /* Build configuration list for PBXNativeTarget "WorldTrotterTests" */;
			buildPhases = (
				CB348D981F89980E001F8138 /* Sources */,
				CB348D991F89980E001F8138 /* Frameworks */,
				CB348D9A1F89980E001F8138 /* Resources */,
			);
			buildRules = (
			);
			dependencies = (
				CB348D9E1F89980E001F8138 /* PBXTargetDependency */,
			);
			name = WorldTrotterTests;
			productName = WorldTrotterTests;
			productReference = CB348D9C1F89980E001F8138 /* WorldTrotterTests.xctest */;
			productType = "com.apple.product-type.bundle.unit-test";
		};
		CB348DA61F89980E001F8138 /* WorldTrotterUITests */ = {
			isa = PBXNativeTarget;
			buildConfigurationList = CB348DB61F89980E001F8138 /* Build configuration list for PBXNativeTarget "WorldTrotterUITests" */;
			buildPhases = (
				CB348DA31F89980E001F8138 /* Sources */,
				CB348DA41F89980E001F8138 /* Frameworks */,
				CB348DA51F89980E001F8138 /* Resources */,
			);
			buildRules = (
			);
			dependencies = (
				CB348DA91F89980E001F8138 /* PBXTargetDependency */,
			);
			name = WorldTrotterUITests;
			productName = WorldTrotterUITests;
			productReference = CB348DA71F89980E001F8138 /* WorldTrotterUITests.xctest */;
			productType = "com.apple.product-type.bundle.ui-testing";
		};
/* End PBXNativeTarget section */

/* Begin PBXProject section */
		CB348D801F89980E001F8138 /* Project object */ = {
			isa = PBXProject;
			attributes = {
				LastSwiftUpdateCheck = 0830;
				LastUpgradeCheck = 0830;
				ORGANIZATIONNAME = "Big Nerd Ranch";
				TargetAttributes = {
					CB348D871F89980E001F8138 = {
						CreatedOnToolsVersion = 8.3.3;
						ProvisioningStyle = Automatic;
					};
					CB348D9B1F89980E001F8138 = {
						CreatedOnToolsVersion = 8.3.3;
						ProvisioningStyle = Automatic;
						TestTargetID = CB348D871F89980E001F8138;
					};
					CB348DA61F89980E001F8138 = {
						CreatedOnToolsVersion = 8.3.3;
						ProvisioningStyle = Automatic;
						TestTargetID = CB348D871F89980E001F8138;
					};
				};
			};
			buildConfigurationList = CB348D831F89980E001F8138 /* Build configuration list for PBXProject "WorldTrotter" */;
			compatibilityVersion = "Xcode 3.2";
			developmentRegion = English;
			hasScannedForEncodings = 0;
			knownRegions = (
				en,
				Base,
			);
			mainGroup = CB348D7F1F89980E001F8138;
			productRefGroup = CB348D891F89980E001F8138 /* Products */;
			projectDirPath = "";
			projectRoot = "";
			targets = (
				CB348D871F89980E001F8138 /* WorldTrotter */,
				CB348D9B1F89980E001F8138 /* WorldTrotterTests */,
				CB348DA61F89980E001F8138 /* WorldTrotterUITests */,
			);
		};
/* End PBXProject section */

/* Begin PBXResourcesBuildPhase section */
		CB348D861F89980E001F8138 /* Resources */ = {
			isa = PBXResourcesBuildPhase;
			buildActionMask = 2147483647;
			files = (
				CB348D961F89980E001F8138 /* LaunchScreen.storyboard in Resources */,
				CB348D931F89980E001F8138 /* Assets.xcassets in Resources */,
				CB348D911F89980E001F8138 /* Main.storyboard in Resources */,
			);
			runOnlyForDeploymentPostprocessing = 0;
		};
		CB348D9A1F89980E001F8138 /* Resources */ = {
			isa = PBXResourcesBuildPhase;
			buildActionMask = 2147483647;
			files = (
			);
			runOnlyForDeploymentPostprocessing = 0;
		};
		CB348DA51F89980E001F8138 /* Resources */ = {
			isa = PBXResourcesBuildPhase;
			buildActionMask = 2147483647;
			files = (
			);
			runOnlyForDeploymentPostprocessing = 0;
		};
/* End PBXResourcesBuildPhase section */

/* Begin PBXSourcesBuildPhase section */
		CB348D841F89980E001F8138 /* Sources */ = {
			isa = PBXSourcesBuildPhase;
			buildActionMask = 2147483647;
			files = (
				CB348D8E1F89980E001F8138 /* ViewController.swift in Sources */,
				CB348D8C1F89980E001F8138 /* AppDelegate.swift in Sources */,
			);
			runOnlyForDeploymentPostprocessing = 0;
		};
		CB348D981F89980E001F8138 /* Sources */ = {
			isa = PBXSourcesBuildPhase;
			buildActionMask = 2147483647;
			files = (
				CB348DA11F89980E001F8138 /* WorldTrotterTests.swift in Sources */,
			);
			runOnlyForDeploymentPostprocessing = 0;
		};
		CB348DA31F89980E001F8138 /* Sources */ = {
			isa = PBXSourcesBuildPhase;
			buildActionMask = 2147483647;
			files = (
				CB348DAC1F89980E001F8138 /* WorldTrotterUITests.swift in Sources */,
			);
			runOnlyForDeploymentPostprocessing = 0;
		};
/* End PBXSourcesBuildPhase section */

/* Begin PBXTargetDependency section */
		CB348D9E1F89980E001F8138 /* PBXTargetDependency */ = {
			isa = PBXTargetDependency;
			target = CB348D871F89980E001F8138 /* WorldTrotter */;
			targetProxy = CB348D9D1F89980E001F8138 /* PBXContainerItemProxy */;
		};
		CB348DA91F89980E001F8138 /* PBXTargetDependency */ = {
			isa = PBXTargetDependency;
			target = CB348D871F89980E001F8138 /* WorldTrotter */;
			targetProxy = CB348DA81F89980E001F8138 /* PBXContainerItemProxy */;
		};
/* End PBXTargetDependency section */

/* Begin PBXVariantGroup section */
		CB348D8F1F89980E001F8138 /* Main.storyboard */ = {
			isa = PBXVariantGroup;
			children = (
				CB348D901F89980E001F8138 /* Base */,
			);
			name = Main.storyboard;
			sourceTree = "<group>";
		};
		CB348D941F89980E001F8138 /* LaunchScreen.storyboard */ = {
			isa = PBXVariantGroup;
			children = (
				CB348D951F89980E001F8138 /* Base */,
			);
			name = LaunchScreen.storyboard;
			sourceTree = "<group>";
		};
/* End PBXVariantGroup section */

/* Begin XCBuildConfiguration section */
		CB348DAE1F89980E001F8138 /* Debug */ = {
			isa = XCBuildConfiguration;
			buildSettings = {
				ALWAYS_SEARCH_USER_PATHS = NO;
				CLANG_ANALYZER_NONNULL = YES;
				CLANG_ANALYZER_NUMBER_OBJECT_CONVERSION = YES_AGGRESSIVE;
				CLANG_CXX_LANGUAGE_STANDARD = "gnu++0x";
				CLANG_CXX_LIBRARY = "libc++";
				CLANG_ENABLE_MODULES = YES;
				CLANG_ENABLE_OBJC_ARC = YES;
				CLANG_WARN_BOOL_CONVERSION = YES;
				CLANG_WARN_CONSTANT_CONVERSION = YES;
				CLANG_WARN_DIRECT_OBJC_ISA_USAGE = YES_ERROR;
				CLANG_WARN_DOCUMENTATION_COMMENTS = YES;
				CLANG_WARN_EMPTY_BODY = YES;
				CLANG_WARN_ENUM_CONVERSION = YES;
				CLANG_WARN_INFINITE_RECURSION = YES;
				CLANG_WARN_INT_CONVERSION = YES;
				CLANG_WARN_OBJC_ROOT_CLASS = YES_ERROR;
				CLANG_WARN_SUSPICIOUS_MOVE = YES;
				CLANG_WARN_UNREACHABLE_CODE = YES;
				CLANG_WARN__DUPLICATE_METHOD_MATCH = YES;
				"CODE_SIGN_IDENTITY[sdk=iphoneos*]" = "iPhone Developer";
				COPY_PHASE_STRIP = NO;
				DEBUG_INFORMATION_FORMAT = dwarf;
				ENABLE_STRICT_OBJC_MSGSEND = YES;
				ENABLE_TESTABILITY = YES;
				GCC_C_LANGUAGE_STANDARD = gnu99;
				GCC_DYNAMIC_NO_PIC = NO;
				GCC_NO_COMMON_BLOCKS = YES;
				GCC_OPTIMIZATION_LEVEL = 0;
				GCC_PREPROCESSOR_DEFINITIONS = (
					"DEBUG=1",
					"$(inherited)",
				);
				GCC_WARN_64_TO_32_BIT_CONVERSION = YES;
				GCC_WARN_ABOUT_RETURN_TYPE = YES_ERROR;
				GCC_WARN_UNDECLARED_SELECTOR = YES;
				GCC_WARN_UNINITIALIZED_AUTOS = YES_AGGRESSIVE;
				GCC_WARN_UNUSED_FUNCTION = YES;
				GCC_WARN_UNUSED_VARIABLE = YES;
				IPHONEOS_DEPLOYMENT_TARGET = 10.3;
				MTL_ENABLE_DEBUG_INFO = YES;
				ONLY_ACTIVE_ARCH = YES;
				SDKROOT = iphoneos;
				SWIFT_ACTIVE_COMPILATION_CONDITIONS = DEBUG;
				SWIFT_OPTIMIZATION_LEVEL = "-Onone";
				TARGETED_DEVICE_FAMILY = "1,2";
			};
			name = Debug;
		};
		CB348DAF1F89980E001F8138 /* Release */ = {
			isa = XCBuildConfiguration;
			buildSettings = {
				ALWAYS_SEARCH_USER_PATHS = NO;
				CLANG_ANALYZER_NONNULL = YES;
				CLANG_ANALYZER_NUMBER_OBJECT_CONVERSION = YES_AGGRESSIVE;
				CLANG_CXX_LANGUAGE_STANDARD = "gnu++0x";
				CLANG_CXX_LIBRARY = "libc++";
				CLANG_ENABLE_MODULES = YES;
				CLANG_ENABLE_OBJC_ARC = YES;
				CLANG_WARN_BOOL_CONVERSION = YES;
				CLANG_WARN_CONSTANT_CONVERSION = YES;
				CLANG_WARN_DIRECT_OBJC_ISA_USAGE = YES_ERROR;
				CLANG_WARN_DOCUMENTATION_COMMENTS = YES;
				CLANG_WARN_EMPTY_BODY = YES;
				CLANG_WARN_ENUM_CONVERSION = YES;
				CLANG_WARN_INFINITE_RECURSION = YES;
				CLANG_WARN_INT_CONVERSION = YES;
				CLANG_WARN_OBJC_ROOT_CLASS = YES_ERROR;
				CLANG_WARN_SUSPICIOUS_MOVE = YES;
				CLANG_WARN_UNREACHABLE_CODE = YES;
				CLANG_WARN__DUPLICATE_METHOD_MATCH = YES;
				"CODE_SIGN_IDENTITY[sdk=iphoneos*]" = "iPhone Developer";
				COPY_PHASE_STRIP = NO;
				DEBUG_INFORMATION_FORMAT = "dwarf-with-dsym";
				ENABLE_NS_ASSERTIONS = NO;
				ENABLE_STRICT_OBJC_MSGSEND = YES;
				GCC_C_LANGUAGE_STANDARD = gnu99;
				GCC_NO_COMMON_BLOCKS = YES;
				GCC_WARN_64_TO_32_BIT_CONVERSION = YES;
				GCC_WARN_ABOUT_RETURN_TYPE = YES_ERROR;
				GCC_WARN_UNDECLARED_SELECTOR = YES;
				GCC_WARN_UNINITIALIZED_AUTOS = YES_AGGRESSIVE;
				GCC_WARN_UNUSED_FUNCTION = YES;
				GCC_WARN_UNUSED_VARIABLE = YES;
				IPHONEOS_DEPLOYMENT_TARGET = 10.3;
				MTL_ENABLE_DEBUG_INFO = NO;
				SDKROOT = iphoneos;
				SWIFT_OPTIMIZATION_LEVEL = "-Owholemodule";
				TARGETED_DEVICE_FAMILY = "1,2";
				VALIDATE_PRODUCT = YES;
			};
			name = Release;
		};
		CB348DB11F89980E001F8138 /* Debug */ = {
			isa = XCBuildConfiguration;
			buildSettings = {
				ASSETCATALOG_COMPILER_APPICON_NAME = AppIcon;
				INFOPLIST_FILE = WorldTrotter/Info.plist;
				LD_RUNPATH_SEARCH_PATHS = "$(inherited) @executable_path/Frameworks";
				PRODUCT_BUNDLE_IDENTIFIER = com.bignerdranch.WorldTrotter;
				PRODUCT_NAME = "$(TARGET_NAME)";
				SWIFT_VERSION = 3.0;
			};
			name = Debug;
		};
		CB348DB21F89980E001F8138 /* Release */ = {
			isa = XCBuildConfiguration;
			buildSettings = {
				ASSETCATALOG_COMPILER_APPICON_NAME = AppIcon;
				INFOPLIST_FILE = WorldTrotter/Info.plist;
				LD_RUNPATH_SEARCH_PATHS = "$(inherited) @executable_path/Frameworks";
				PRODUCT_BUNDLE_IDENTIFIER = com.bignerdranch.WorldTrotter;
				PRODUCT_NAME = "$(TARGET_NAME)";
				SWIFT_VERSION = 3.0;
			};
			name = Release;
		};
		CB348DB41F89980E001F8138 /* Debug */ = {
			isa = XCBuildConfiguration;
			buildSettings = {
				ALWAYS_EMBED_SWIFT_STANDARD_LIBRARIES = YES;
				BUNDLE_LOADER = "$(TEST_HOST)";
				INFOPLIST_FILE = WorldTrotterTests/Info.plist;
				LD_RUNPATH_SEARCH_PATHS = "$(inherited) @executable_path/Frameworks @loader_path/Frameworks";
				PRODUCT_BUNDLE_IDENTIFIER = com.bignerdranch.WorldTrotterTests;
				PRODUCT_NAME = "$(TARGET_NAME)";
				SWIFT_VERSION = 3.0;
				TEST_HOST = "$(BUILT_PRODUCTS_DIR)/WorldTrotter.app/WorldTrotter";
			};
			name = Debug;
		};
		CB348DB51F89980E001F8138 /* Release */ = {
			isa = XCBuildConfiguration;
			buildSettings = {
				ALWAYS_EMBED_SWIFT_STANDARD_LIBRARIES = YES;
				BUNDLE_LOADER = "$(TEST_HOST)";
				INFOPLIST_FILE = WorldTrotterTests/Info.plist;
				LD_RUNPATH_SEARCH_PATHS = "$(inherited) @executable_path/Frameworks @loader_path/Frameworks";
				PRODUCT_BUNDLE_IDENTIFIER = com.bignerdranch.WorldTrotterTests;
				PRODUCT_NAME = "$(TARGET_NAME)";
				SWIFT_VERSION = 3.0;
				TEST_HOST = "$(BUILT_PRODUCTS_DIR)/WorldTrotter.app/WorldTrotter";
			};
			name = Release;
		};
		CB348DB71F89980E001F8138 /* Debug */ = {
			isa = XCBuildConfiguration;
			buildSettings = {
				ALWAYS_EMBED_SWIFT_STANDARD_LIBRARIES = YES;
				INFOPLIST_FILE = WorldTrotterUITests/Info.plist;
				LD_RUNPATH_SEARCH_PATHS = "$(inherited) @executable_path/Frameworks @loader_path/Frameworks";
				PRODUCT_BUNDLE_IDENTIFIER = com.bignerdranch.WorldTrotterUITests;
				PRODUCT_NAME = "$(TARGET_NAME)";
				SWIFT_VERSION = 3.0;
				TEST_TARGET_NAME = WorldTrotter;
			};
			name = Debug;
		};
		CB348DB81F89980E001F8138 /* Release */ = {
			isa = XCBuildConfiguration;
			buildSettings = {
				ALWAYS_EMBED_SWIFT_STANDARD_LIBRARIES = YES;
				INFOPLIST_FILE = WorldTrotterUITests/Info.plist;
				LD_RUNPATH_SEARCH_PATHS = "$(inherited) @executable_path/Frameworks @loader_path/Frameworks";
				PRODUCT_BUNDLE_IDENTIFIER = com.bignerdranch.WorldTrotterUITests;
				PRODUCT_NAME = "$(TARGET_NAME)";
				SWIFT_VERSION = 3.0;
				TEST_TARGET_NAME = WorldTrotter;
			};
			name = Release;
		};
/* End XCBuildConfiguration section */

/* Begin XCConfigurationList section */
		CB348D831F89980E001F8138 /* Build configuration list for PBXProject "WorldTrotter" */ = {
			isa = XCConfigurationList;
			buildConfigurations = (
				CB348DAE1F89980E001F8138 /* Debug */,
				CB348DAF1F89980E001F8138 /* Release */,
			);
			defaultConfigurationIsVisible = 0;
			defaultConfigurationName = Release;
		};
		CB348DB01F89980E001F8138 /* Build configuration list for PBXNativeTarget "WorldTrotter" */ = {
			isa = XCConfigurationList;
			buildConfigurations = (
				CB348DB11F89980E001F8138 /* Debug */,
				CB348DB21F89980E001F8138 /* Release */,
			);
			defaultConfigurationIsVisible = 0;
		};
		CB348DB31F89980E001F8138 /* Build configuration list for PBXNativeTarget "WorldTrotterTests" */ = {
			isa = XCConfigurationList;
			buildConfigurations = (
				CB348DB41F89980E001F8138 /* Debug */,
				CB348DB51F89980E001F8138 /* Release */,
			);
			defaultConfigurationIsVisible = 0;
		};
		CB348DB61F89980E001F8138 /* Build configuration list for PBXNativeTarget "WorldTrotterUITests" */ = {
			isa = XCConfigurationList;
			buildConfigurations = (
				CB348DB71F89980E001F8138 /* Debug */,
				CB348DB81F89980E001F8138 /* Release */,
			);
			defaultConfigurationIsVisible = 0;
		};
/* End XCConfigurationList section */
	};
	rootObject = CB348D801F89980E001F8138 /* Project object */;
}
